// !$*UTF8*$!
{
	archiveVersion = 1;
	classes = {
	};
	objectVersion = 48;
	objects = {

/* Begin PBXBuildFile section */
		EBC2D7241FFF7AC300FCDC31 /* AppDelegate.swift in Sources */ = {isa = PBXBuildFile; fileRef = EBC2D7231FFF7AC300FCDC31 /* AppDelegate.swift */; };
		EBC2D7261FFF7AC300FCDC31 /* ViewController.swift in Sources */ = {isa = PBXBuildFile; fileRef = EBC2D7251FFF7AC300FCDC31 /* ViewController.swift */; };
		EBC2D7291FFF7AC300FCDC31 /* Main.storyboard in Resources */ = {isa = PBXBuildFile; fileRef = EBC2D7271FFF7AC300FCDC31 /* Main.storyboard */; };
		EBC2D72B1FFF7AC300FCDC31 /* Assets.xcassets in Resources */ = {isa = PBXBuildFile; fileRef = EBC2D72A1FFF7AC300FCDC31 /* Assets.xcassets */; };
		EBC2D72E1FFF7AC300FCDC31 /* LaunchScreen.storyboard in Resources */ = {isa = PBXBuildFile; fileRef = EBC2D72C1FFF7AC300FCDC31 /* LaunchScreen.storyboard */; };
		EBC2D7361FFF7DBA00FCDC31 /* Request.swift in Sources */ = {isa = PBXBuildFile; fileRef = EBC2D7351FFF7DBA00FCDC31 /* Request.swift */; };
		EBC2D7381FFF84A900FCDC31 /* NewRequestViewController.swift in Sources */ = {isa = PBXBuildFile; fileRef = EBC2D7371FFF84A900FCDC31 /* NewRequestViewController.swift */; };
		EBC2D73A1FFF93F400FCDC31 /* FileStore.swift in Sources */ = {isa = PBXBuildFile; fileRef = EBC2D7391FFF93F400FCDC31 /* FileStore.swift */; };
		EBC2D73C1FFF941C00FCDC31 /* FileStore+Request.swift in Sources */ = {isa = PBXBuildFile; fileRef = EBC2D73B1FFF941C00FCDC31 /* FileStore+Request.swift */; };
		EBC2D73E1FFF996000FCDC31 /* QueryItemCell.swift in Sources */ = {isa = PBXBuildFile; fileRef = EBC2D73D1FFF996000FCDC31 /* QueryItemCell.swift */; };
/* End PBXBuildFile section */

/* Begin PBXFileReference section */
		EBC2D7201FFF7AC300FCDC31 /* URLHelper.app */ = {isa = PBXFileReference; explicitFileType = wrapper.application; includeInIndex = 0; path = URLHelper.app; sourceTree = BUILT_PRODUCTS_DIR; };
		EBC2D7231FFF7AC300FCDC31 /* AppDelegate.swift */ = {isa = PBXFileReference; lastKnownFileType = sourcecode.swift; path = AppDelegate.swift; sourceTree = "<group>"; };
		EBC2D7251FFF7AC300FCDC31 /* ViewController.swift */ = {isa = PBXFileReference; lastKnownFileType = sourcecode.swift; path = ViewController.swift; sourceTree = "<group>"; };
		EBC2D7281FFF7AC300FCDC31 /* Base */ = {isa = PBXFileReference; lastKnownFileType = file.storyboard; name = Base; path = Base.lproj/Main.storyboard; sourceTree = "<group>"; };
		EBC2D72A1FFF7AC300FCDC31 /* Assets.xcassets */ = {isa = PBXFileReference; lastKnownFileType = folder.assetcatalog; path = Assets.xcassets; sourceTree = "<group>"; };
		EBC2D72D1FFF7AC300FCDC31 /* Base */ = {isa = PBXFileReference; lastKnownFileType = file.storyboard; name = Base; path = Base.lproj/LaunchScreen.storyboard; sourceTree = "<group>"; };
		EBC2D72F1FFF7AC300FCDC31 /* Info.plist */ = {isa = PBXFileReference; lastKnownFileType = text.plist.xml; path = Info.plist; sourceTree = "<group>"; };
		EBC2D7351FFF7DBA00FCDC31 /* Request.swift */ = {isa = PBXFileReference; lastKnownFileType = sourcecode.swift; path = Request.swift; sourceTree = "<group>"; };
		EBC2D7371FFF84A900FCDC31 /* NewRequestViewController.swift */ = {isa = PBXFileReference; lastKnownFileType = sourcecode.swift; path = NewRequestViewController.swift; sourceTree = "<group>"; };
		EBC2D7391FFF93F400FCDC31 /* FileStore.swift */ = {isa = PBXFileReference; lastKnownFileType = sourcecode.swift; path = FileStore.swift; sourceTree = "<group>"; };
		EBC2D73B1FFF941C00FCDC31 /* FileStore+Request.swift */ = {isa = PBXFileReference; lastKnownFileType = sourcecode.swift; path = "FileStore+Request.swift"; sourceTree = "<group>"; };
		EBC2D73D1FFF996000FCDC31 /* QueryItemCell.swift */ = {isa = PBXFileReference; lastKnownFileType = sourcecode.swift; path = QueryItemCell.swift; sourceTree = "<group>"; };
/* End PBXFileReference section */

/* Begin PBXFrameworksBuildPhase section */
		EBC2D71D1FFF7AC300FCDC31 /* Frameworks */ = {
			isa = PBXFrameworksBuildPhase;
			buildActionMask = 2147483647;
			files = (
			);
			runOnlyForDeploymentPostprocessing = 0;
		};
/* End PBXFrameworksBuildPhase section */

/* Begin PBXGroup section */
		EBC2D7171FFF7AC300FCDC31 = {
			isa = PBXGroup;
			children = (
				EBC2D7221FFF7AC300FCDC31 /* URLHelper */,
				EBC2D7211FFF7AC300FCDC31 /* Products */,
			);
			sourceTree = "<group>";
		};
		EBC2D7211FFF7AC300FCDC31 /* Products */ = {
			isa = PBXGroup;
			children = (
				EBC2D7201FFF7AC300FCDC31 /* URLHelper.app */,
			);
			name = Products;
			sourceTree = "<group>";
		};
		EBC2D7221FFF7AC300FCDC31 /* URLHelper */ = {
			isa = PBXGroup;
			children = (
				EBC2D7231FFF7AC300FCDC31 /* AppDelegate.swift */,
				EBC2D7251FFF7AC300FCDC31 /* ViewController.swift */,
				EBC2D7371FFF84A900FCDC31 /* NewRequestViewController.swift */,
				EBC2D7351FFF7DBA00FCDC31 /* Request.swift */,
				EBC2D7391FFF93F400FCDC31 /* FileStore.swift */,
				EBC2D73B1FFF941C00FCDC31 /* FileStore+Request.swift */,
				EBC2D73D1FFF996000FCDC31 /* QueryItemCell.swift */,
				EBC2D7271FFF7AC300FCDC31 /* Main.storyboard */,
				EBC2D72A1FFF7AC300FCDC31 /* Assets.xcassets */,
				EBC2D72C1FFF7AC300FCDC31 /* LaunchScreen.storyboard */,
				EBC2D72F1FFF7AC300FCDC31 /* Info.plist */,
			);
			path = URLHelper;
			sourceTree = "<group>";
		};
/* End PBXGroup section */

/* Begin PBXNativeTarget section */
		EBC2D71F1FFF7AC300FCDC31 /* URLHelper */ = {
			isa = PBXNativeTarget;
			buildConfigurationList = EBC2D7321FFF7AC400FCDC31 /* Build configuration list for PBXNativeTarget "URLHelper" */;
			buildPhases = (
				EBC2D71C1FFF7AC300FCDC31 /* Sources */,
				EBC2D71D1FFF7AC300FCDC31 /* Frameworks */,
				EBC2D71E1FFF7AC300FCDC31 /* Resources */,
			);
			buildRules = (
			);
			dependencies = (
			);
			name = URLHelper;
			productName = URLHelper;
			productReference = EBC2D7201FFF7AC300FCDC31 /* URLHelper.app */;
			productType = "com.apple.product-type.application";
		};
/* End PBXNativeTarget section */

/* Begin PBXProject section */
		EBC2D7181FFF7AC300FCDC31 /* Project object */ = {
			isa = PBXProject;
			attributes = {
				LastSwiftUpdateCheck = 0920;
				LastUpgradeCheck = 0920;
				ORGANIZATIONNAME = "Clement Nonn";
				TargetAttributes = {
					EBC2D71F1FFF7AC300FCDC31 = {
						CreatedOnToolsVersion = 9.2;
						ProvisioningStyle = Automatic;
					};
				};
			};
			buildConfigurationList = EBC2D71B1FFF7AC300FCDC31 /* Build configuration list for PBXProject "URLHelper" */;
			compatibilityVersion = "Xcode 8.0";
			developmentRegion = en;
			hasScannedForEncodings = 0;
			knownRegions = (
				en,
				Base,
			);
			mainGroup = EBC2D7171FFF7AC300FCDC31;
			productRefGroup = EBC2D7211FFF7AC300FCDC31 /* Products */;
			projectDirPath = "";
			projectRoot = "";
			targets = (
				EBC2D71F1FFF7AC300FCDC31 /* URLHelper */,
			);
		};
/* End PBXProject section */

/* Begin PBXResourcesBuildPhase section */
		EBC2D71E1FFF7AC300FCDC31 /* Resources */ = {
			isa = PBXResourcesBuildPhase;
			buildActionMask = 2147483647;
			files = (
				EBC2D72E1FFF7AC300FCDC31 /* LaunchScreen.storyboard in Resources */,
				EBC2D72B1FFF7AC300FCDC31 /* Assets.xcassets in Resources */,
				EBC2D7291FFF7AC300FCDC31 /* Main.storyboard in Resources */,
			);
			runOnlyForDeploymentPostprocessing = 0;
		};
/* End PBXResourcesBuildPhase section */

/* Begin PBXSourcesBuildPhase section */
		EBC2D71C1FFF7AC300FCDC31 /* Sources */ = {
			isa = PBXSourcesBuildPhase;
			buildActionMask = 2147483647;
			files = (
				EBC2D73A1FFF93F400FCDC31 /* FileStore.swift in Sources */,
				EBC2D73C1FFF941C00FCDC31 /* FileStore+Request.swift in Sources */,
				EBC2D7261FFF7AC300FCDC31 /* ViewController.swift in Sources */,
				EBC2D7361FFF7DBA00FCDC31 /* Request.swift in Sources */,
				EBC2D7241FFF7AC300FCDC31 /* AppDelegate.swift in Sources */,
				EBC2D73E1FFF996000FCDC31 /* QueryItemCell.swift in Sources */,
				EBC2D7381FFF84A900FCDC31 /* NewRequestViewController.swift in Sources */,
			);
			runOnlyForDeploymentPostprocessing = 0;
		};
/* End PBXSourcesBuildPhase section */

/* Begin PBXVariantGroup section */
		EBC2D7271FFF7AC300FCDC31 /* Main.storyboard */ = {
			isa = PBXVariantGroup;
			children = (
				EBC2D7281FFF7AC300FCDC31 /* Base */,
			);
			name = Main.storyboard;
			sourceTree = "<group>";
		};
		EBC2D72C1FFF7AC300FCDC31 /* LaunchScreen.storyboard */ = {
			isa = PBXVariantGroup;
			children = (
				EBC2D72D1FFF7AC300FCDC31 /* Base */,
			);
			name = LaunchScreen.storyboard;
			sourceTree = "<group>";
		};
/* End PBXVariantGroup section */

/* Begin XCBuildConfiguration section */
		EBC2D7301FFF7AC400FCDC31 /* Debug */ = {
			isa = XCBuildConfiguration;
			buildSettings = {
				ALWAYS_SEARCH_USER_PATHS = NO;
				CLANG_ANALYZER_NONNULL = YES;
				CLANG_ANALYZER_NUMBER_OBJECT_CONVERSION = YES_AGGRESSIVE;
				CLANG_CXX_LANGUAGE_STANDARD = "gnu++14";
				CLANG_CXX_LIBRARY = "libc++";
				CLANG_ENABLE_MODULES = YES;
				CLANG_ENABLE_OBJC_ARC = YES;
				CLANG_WARN_BLOCK_CAPTURE_AUTORELEASING = YES;
				CLANG_WARN_BOOL_CONVERSION = YES;
				CLANG_WARN_COMMA = YES;
				CLANG_WARN_CONSTANT_CONVERSION = YES;
				CLANG_WARN_DIRECT_OBJC_ISA_USAGE = YES_ERROR;
				CLANG_WARN_DOCUMENTATION_COMMENTS = YES;
				CLANG_WARN_EMPTY_BODY = YES;
				CLANG_WARN_ENUM_CONVERSION = YES;
				CLANG_WARN_INFINITE_RECURSION = YES;
				CLANG_WARN_INT_CONVERSION = YES;
				CLANG_WARN_NON_LITERAL_NULL_CONVERSION = YES;
				CLANG_WARN_OBJC_LITERAL_CONVERSION = YES;
				CLANG_WARN_OBJC_ROOT_CLASS = YES_ERROR;
				CLANG_WARN_RANGE_LOOP_ANALYSIS = YES;
				CLANG_WARN_STRICT_PROTOTYPES = YES;
				CLANG_WARN_SUSPICIOUS_MOVE = YES;
				CLANG_WARN_UNGUARDED_AVAILABILITY = YES_AGGRESSIVE;
				CLANG_WARN_UNREACHABLE_CODE = YES;
				CLANG_WARN__DUPLICATE_METHOD_MATCH = YES;
				CODE_SIGN_IDENTITY = "iPhone Developer";
				COPY_PHASE_STRIP = NO;
				DEBUG_INFORMATION_FORMAT = dwarf;
				ENABLE_STRICT_OBJC_MSGSEND = YES;
				ENABLE_TESTABILITY = YES;
				GCC_C_LANGUAGE_STANDARD = gnu11;
				GCC_DYNAMIC_NO_PIC = NO;
				GCC_NO_COMMON_BLOCKS = YES;
				GCC_OPTIMIZATION_LEVEL = 0;
				GCC_PREPROCESSOR_DEFINITIONS = (
					"DEBUG=1",
					"$(inherited)",
				);
				GCC_WARN_64_TO_32_BIT_CONVERSION = YES;
				GCC_WARN_ABOUT_RETURN_TYPE = YES_ERROR;
				GCC_WARN_UNDECLARED_SELECTOR = YES;
				GCC_WARN_UNINITIALIZED_AUTOS = YES_AGGRESSIVE;
				GCC_WARN_UNUSED_FUNCTION = YES;
				GCC_WARN_UNUSED_VARIABLE = YES;
				IPHONEOS_DEPLOYMENT_TARGET = 11.0;
				MTL_ENABLE_DEBUG_INFO = YES;
				ONLY_ACTIVE_ARCH = YES;
				SDKROOT = iphoneos;
				SWIFT_ACTIVE_COMPILATION_CONDITIONS = DEBUG;
				SWIFT_OPTIMIZATION_LEVEL = "-Onone";
			};
			name = Debug;
		};
		EBC2D7311FFF7AC400FCDC31 /* Release */ = {
			isa = XCBuildConfiguration;
			buildSettings = {
				ALWAYS_SEARCH_USER_PATHS = NO;
				CLANG_ANALYZER_NONNULL = YES;
				CLANG_ANALYZER_NUMBER_OBJECT_CONVERSION = YES_AGGRESSIVE;
				CLANG_CXX_LANGUAGE_STANDARD = "gnu++14";
				CLANG_CXX_LIBRARY = "libc++";
				CLANG_ENABLE_MODULES = YES;
				CLANG_ENABLE_OBJC_ARC = YES;
				CLANG_WARN_BLOCK_CAPTURE_AUTORELEASING = YES;
				CLANG_WARN_BOOL_CONVERSION = YES;
				CLANG_WARN_COMMA = YES;
				CLANG_WARN_CONSTANT_CONVERSION = YES;
				CLANG_WARN_DIRECT_OBJC_ISA_USAGE = YES_ERROR;
				CLANG_WARN_DOCUMENTATION_COMMENTS = YES;
				CLANG_WARN_EMPTY_BODY = YES;
				CLANG_WARN_ENUM_CONVERSION = YES;
				CLANG_WARN_INFINITE_RECURSION = YES;
				CLANG_WARN_INT_CONVERSION = YES;
				CLANG_WARN_NON_LITERAL_NULL_CONVERSION = YES;
				CLANG_WARN_OBJC_LITERAL_CONVERSION = YES;
				CLANG_WARN_OBJC_ROOT_CLASS = YES_ERROR;
				CLANG_WARN_RANGE_LOOP_ANALYSIS = YES;
				CLANG_WARN_STRICT_PROTOTYPES = YES;
				CLANG_WARN_SUSPICIOUS_MOVE = YES;
				CLANG_WARN_UNGUARDED_AVAILABILITY = YES_AGGRESSIVE;
				CLANG_WARN_UNREACHABLE_CODE = YES;
				CLANG_WARN__DUPLICATE_METHOD_MATCH = YES;
				CODE_SIGN_IDENTITY = "iPhone Developer";
				COPY_PHASE_STRIP = NO;
				DEBUG_INFORMATION_FORMAT = "dwarf-with-dsym";
				ENABLE_NS_ASSERTIONS = NO;
				ENABLE_STRICT_OBJC_MSGSEND = YES;
				GCC_C_LANGUAGE_STANDARD = gnu11;
				GCC_NO_COMMON_BLOCKS = YES;
				GCC_WARN_64_TO_32_BIT_CONVERSION = YES;
				GCC_WARN_ABOUT_RETURN_TYPE = YES_ERROR;
				GCC_WARN_UNDECLARED_SELECTOR = YES;
				GCC_WARN_UNINITIALIZED_AUTOS = YES_AGGRESSIVE;
				GCC_WARN_UNUSED_FUNCTION = YES;
				GCC_WARN_UNUSED_VARIABLE = YES;
				IPHONEOS_DEPLOYMENT_TARGET = 11.0;
				MTL_ENABLE_DEBUG_INFO = NO;
				SDKROOT = iphoneos;
				SWIFT_OPTIMIZATION_LEVEL = "-Owholemodule";
				VALIDATE_PRODUCT = YES;
			};
			name = Release;
		};
		EBC2D7331FFF7AC400FCDC31 /* Debug */ = {
			isa = XCBuildConfiguration;
			buildSettings = {
				ASSETCATALOG_COMPILER_APPICON_NAME = AppIcon;
				CODE_SIGN_STYLE = Automatic;
				DEVELOPMENT_TEAM = V645YUN93L;
				INFOPLIST_FILE = URLHelper/Info.plist;
				LD_RUNPATH_SEARCH_PATHS = "$(inherited) @executable_path/Frameworks";
				PRODUCT_BUNDLE_IDENTIFIER = com.nonn.clement.URLHelper;
				PRODUCT_NAME = "$(TARGET_NAME)";
				SWIFT_VERSION = 4.0;
				TARGETED_DEVICE_FAMILY = "1,2";
			};
			name = Debug;
		};
		EBC2D7341FFF7AC400FCDC31 /* Release */ = {
			isa = XCBuildConfiguration;
			buildSettings = {
				ASSETCATALOG_COMPILER_APPICON_NAME = AppIcon;
				CODE_SIGN_STYLE = Automatic;
				DEVELOPMENT_TEAM = V645YUN93L;
				INFOPLIST_FILE = URLHelper/Info.plist;
				LD_RUNPATH_SEARCH_PATHS = "$(inherited) @executable_path/Frameworks";
				PRODUCT_BUNDLE_IDENTIFIER = com.nonn.clement.URLHelper;
				PRODUCT_NAME = "$(TARGET_NAME)";
				SWIFT_VERSION = 4.0;
				TARGETED_DEVICE_FAMILY = "1,2";
			};
			name = Release;
		};
/* End XCBuildConfiguration section */

/* Begin XCConfigurationList section */
		EBC2D71B1FFF7AC300FCDC31 /* Build configuration list for PBXProject "URLHelper" */ = {
			isa = XCConfigurationList;
			buildConfigurations = (
				EBC2D7301FFF7AC400FCDC31 /* Debug */,
				EBC2D7311FFF7AC400FCDC31 /* Release */,
			);
			defaultConfigurationIsVisible = 0;
			defaultConfigurationName = Release;
		};
		EBC2D7321FFF7AC400FCDC31 /* Build configuration list for PBXNativeTarget "URLHelper" */ = {
			isa = XCConfigurationList;
			buildConfigurations = (
				EBC2D7331FFF7AC400FCDC31 /* Debug */,
				EBC2D7341FFF7AC400FCDC31 /* Release */,
			);
			defaultConfigurationIsVisible = 0;
			defaultConfigurationName = Release;
		};
/* End XCConfigurationList section */
	};
	rootObject = EBC2D7181FFF7AC300FCDC31 /* Project object */;
}
